
Microsoft Visual Studio Solution File, Format Version 12.00
# Visual Studio Version 16
VisualStudioVersion = 16.0.29609.76
MinimumVisualStudioVersion = 10.0.40219.1
Project("{9A19103F-16F7-4668-BE54-9A1E7A4F7556}") = "Snake", "Snake\Snake.csproj", "{C94F5FD4-AEF3-4399-8D28-1CB14B47C205}"
EndProject
Project("{9A19103F-16F7-4668-BE54-9A1E7A4F7556}") = "Tic Tac Toe", "Tic Tac Toe\Tic Tac Toe.csproj", "{831FF624-D04B-4272-9AAA-D8ECBDB54ED8}"
EndProject
Project("{9A19103F-16F7-4668-BE54-9A1E7A4F7556}") = "Wumpus World", "Wumpus World\Wumpus World.csproj", "{4ED9D4FD-E1D3-4B90-B01A-C73CE7DEA2AF}"
EndProject
Project("{9A19103F-16F7-4668-BE54-9A1E7A4F7556}") = "Pong", "Pong\Pong.csproj", "{F9B2A471-640A-4EC1-8068-E811A62F54FB}"
EndProject
Project("{9A19103F-16F7-4668-BE54-9A1E7A4F7556}") = "Tetris", "Tetris\Tetris.csproj", "{0E3C1182-BDC8-4A14-887F-175B68FD363E}"
EndProject
Global
	GlobalSection(SolutionConfigurationPlatforms) = preSolution
		Debug|Any CPU = Debug|Any CPU
		Release|Any CPU = Release|Any CPU
	EndGlobalSection
	GlobalSection(ProjectConfigurationPlatforms) = postSolution
		{C94F5FD4-AEF3-4399-8D28-1CB14B47C205}.Debug|Any CPU.ActiveCfg = Debug|Any CPU
		{C94F5FD4-AEF3-4399-8D28-1CB14B47C205}.Debug|Any CPU.Build.0 = Debug|Any CPU
		{C94F5FD4-AEF3-4399-8D28-1CB14B47C205}.Release|Any CPU.ActiveCfg = Release|Any CPU
		{C94F5FD4-AEF3-4399-8D28-1CB14B47C205}.Release|Any CPU.Build.0 = Release|Any CPU
		{831FF624-D04B-4272-9AAA-D8ECBDB54ED8}.Debug|Any CPU.ActiveCfg = Debug|Any CPU
		{831FF624-D04B-4272-9AAA-D8ECBDB54ED8}.Debug|Any CPU.Build.0 = Debug|Any CPU
		{831FF624-D04B-4272-9AAA-D8ECBDB54ED8}.Release|Any CPU.ActiveCfg = Release|Any CPU
		{831FF624-D04B-4272-9AAA-D8ECBDB54ED8}.Release|Any CPU.Build.0 = Release|Any CPU
		{4ED9D4FD-E1D3-4B90-B01A-C73CE7DEA2AF}.Debug|Any CPU.ActiveCfg = Debug|Any CPU
		{4ED9D4FD-E1D3-4B90-B01A-C73CE7DEA2AF}.Debug|Any CPU.Build.0 = Debug|Any CPU
		{4ED9D4FD-E1D3-4B90-B01A-C73CE7DEA2AF}.Release|Any CPU.ActiveCfg = Release|Any CPU
		{4ED9D4FD-E1D3-4B90-B01A-C73CE7DEA2AF}.Release|Any CPU.Build.0 = Release|Any CPU
		{F9B2A471-640A-4EC1-8068-E811A62F54FB}.Debug|Any CPU.ActiveCfg = Debug|Any CPU
		{F9B2A471-640A-4EC1-8068-E811A62F54FB}.Debug|Any CPU.Build.0 = Debug|Any CPU
		{F9B2A471-640A-4EC1-8068-E811A62F54FB}.Release|Any CPU.ActiveCfg = Release|Any CPU
		{F9B2A471-640A-4EC1-8068-E811A62F54FB}.Release|Any CPU.Build.0 = Release|Any CPU
		{0E3C1182-BDC8-4A14-887F-175B68FD363E}.Debug|Any CPU.ActiveCfg = Debug|Any CPU
		{0E3C1182-BDC8-4A14-887F-175B68FD363E}.Debug|Any CPU.Build.0 = Debug|Any CPU
		{0E3C1182-BDC8-4A14-887F-175B68FD363E}.Release|Any CPU.ActiveCfg = Release|Any CPU
		{0E3C1182-BDC8-4A14-887F-175B68FD363E}.Release|Any CPU.Build.0 = Release|Any CPU
	EndGlobalSection
	GlobalSection(SolutionProperties) = preSolution
		HideSolutionNode = FALSE
	EndGlobalSection
	GlobalSection(ExtensibilityGlobals) = postSolution
		SolutionGuid = {EC4CAF97-A0CE-4999-8062-EC511A41764F}
	EndGlobalSection
EndGlobal
