
Microsoft Visual Studio Solution File, Format Version 12.00
# Visual Studio Version 16
VisualStudioVersion = 16.0.29609.76
MinimumVisualStudioVersion = 10.0.40219.1
Project("{9A19103F-16F7-4668-BE54-9A1E7A4F7556}") = "Snake", "Projects\Snake\Snake.csproj", "{C94F5FD4-AEF3-4399-8D28-1CB14B47C205}"
EndProject
Project("{9A19103F-16F7-4668-BE54-9A1E7A4F7556}") = "Tic Tac Toe", "Projects\Tic Tac Toe\Tic Tac Toe.csproj", "{831FF624-D04B-4272-9AAA-D8ECBDB54ED8}"
EndProject
Project("{9A19103F-16F7-4668-BE54-9A1E7A4F7556}") = "Wumpus World", "Projects\Wumpus World\Wumpus World.csproj", "{4ED9D4FD-E1D3-4B90-B01A-C73CE7DEA2AF}"
EndProject
Project("{9A19103F-16F7-4668-BE54-9A1E7A4F7556}") = "Pong", "Projects\Pong\Pong.csproj", "{F9B2A471-640A-4EC1-8068-E811A62F54FB}"
EndProject
Project("{9A19103F-16F7-4668-BE54-9A1E7A4F7556}") = "Tetris (Work In Progress)", "Projects\Tetris\Tetris (Work In Progress).csproj", "{0E3C1182-BDC8-4A14-887F-175B68FD363E}"
EndProject
Project("{9A19103F-16F7-4668-BE54-9A1E7A4F7556}") = "Hurdles", "Projects\Hurdles\Hurdles.csproj", "{58D52662-6928-4978-9F3D-967444E505A3}"
EndProject
Project("{9A19103F-16F7-4668-BE54-9A1E7A4F7556}") = "Maze", "Projects\Maze\Maze.csproj", "{414D90B3-F940-45A9-B0F7-185B212D0999}"
EndProject
Project("{9A19103F-16F7-4668-BE54-9A1E7A4F7556}") = "Tanks", "Projects\Tanks\Tanks.csproj", "{098346BB-BF44-4727-8A16-A152C3953AB6}"
EndProject
Project("{9A19103F-16F7-4668-BE54-9A1E7A4F7556}") = "Simon", "Projects\Simon\Simon.csproj", "{A028AED2-8EC6-4C0C-B4C7-59FF438308CD}"
EndProject
Project("{9A19103F-16F7-4668-BE54-9A1E7A4F7556}") = "Helicopter", "Projects\Helicopter\Helicopter.csproj", "{71BB3D33-F6CE-46FD-B36A-7D323F4934C2}"
EndProject
Project("{9A19103F-16F7-4668-BE54-9A1E7A4F7556}") = "Fighter", "Projects\Fighter\Fighter.csproj", "{2B4FE5A8-EF33-4B63-9F29-0721E192D0FF}"
EndProject
Project("{9A19103F-16F7-4668-BE54-9A1E7A4F7556}") = "Minesweeper", "Projects\Minesweeper\Minesweeper.csproj", "{5FDB14F3-893E-4DAD-AFE6-B6B181FEA099}"
EndProject
Project("{9A19103F-16F7-4668-BE54-9A1E7A4F7556}") = "Beep Pad", "Projects\Beep Pad\Beep Pad.csproj", "{BDFDD453-E6A3-4056-A484-897726053ACA}"
EndProject
Project("{9A19103F-16F7-4668-BE54-9A1E7A4F7556}") = "Hangman", "Projects\Hangman\Hangman.csproj", "{454CB84A-2271-4F27-B163-2CA5B3517F7D}"
EndProject
Project("{9A19103F-16F7-4668-BE54-9A1E7A4F7556}") = "Flappy Bird", "Projects\Flappy Bird\Flappy Bird.csproj", "{EAD4A294-7F71-49F3-AAA0-5BB1CE638001}"
EndProject
Project("{9A19103F-16F7-4668-BE54-9A1E7A4F7556}") = "Hearts (Work In Progress)", "Projects\Hearts\Hearts (Work In Progress).csproj", "{0A7EE167-1B80-4673-8510-8716A8B78AD9}"
EndProject
Project("{9A19103F-16F7-4668-BE54-9A1E7A4F7556}") = "PacMan (Work In Progress)", "Projects\PacMan\PacMan (Work In Progress).csproj", "{30D6C5DB-92D5-4D5A-979E-80F198ED0D44}"
EndProject
Project("{9A19103F-16F7-4668-BE54-9A1E7A4F7556}") = "Sudoku", "Projects\Sudoku\Sudoku.csproj", "{DC5A75DD-AE7B-4545-B640-CF422BCF000A}"
EndProject
Project("{9A19103F-16F7-4668-BE54-9A1E7A4F7556}") = "2048", "Projects\2048\2048.csproj", "{52E8BFD3-9F2A-4375-9F51-48BD1C88F274}"
EndProject
Project("{9A19103F-16F7-4668-BE54-9A1E7A4F7556}") = "Whack A Mole", "Projects\Whack A Mole\Whack A Mole.csproj", "{7BF11797-832F-4D9E-A92B-EA97C5A5EF1D}"
EndProject
Project("{9A19103F-16F7-4668-BE54-9A1E7A4F7556}") = "Rythm", "Projects\Rythm\Rythm.csproj", "{613A6324-C192-49C2-B39C-9475EF14F551}"
EndProject
Project("{FAE04EC0-301F-11D3-BF4B-00C04F79EFBC}") = "Connect 4", "Projects\Connect 4\Connect 4.csproj", "{E83ED595-D857-48ED-862A-F6D1427FD459}"
EndProject
Global
	GlobalSection(SolutionConfigurationPlatforms) = preSolution
		Debug|Any CPU = Debug|Any CPU
		Release|Any CPU = Release|Any CPU
	EndGlobalSection
	GlobalSection(ProjectConfigurationPlatforms) = postSolution
		{C94F5FD4-AEF3-4399-8D28-1CB14B47C205}.Debug|Any CPU.ActiveCfg = Debug|Any CPU
		{C94F5FD4-AEF3-4399-8D28-1CB14B47C205}.Debug|Any CPU.Build.0 = Debug|Any CPU
		{C94F5FD4-AEF3-4399-8D28-1CB14B47C205}.Release|Any CPU.ActiveCfg = Release|Any CPU
		{C94F5FD4-AEF3-4399-8D28-1CB14B47C205}.Release|Any CPU.Build.0 = Release|Any CPU
		{831FF624-D04B-4272-9AAA-D8ECBDB54ED8}.Debug|Any CPU.ActiveCfg = Debug|Any CPU
		{831FF624-D04B-4272-9AAA-D8ECBDB54ED8}.Debug|Any CPU.Build.0 = Debug|Any CPU
		{831FF624-D04B-4272-9AAA-D8ECBDB54ED8}.Release|Any CPU.ActiveCfg = Release|Any CPU
		{831FF624-D04B-4272-9AAA-D8ECBDB54ED8}.Release|Any CPU.Build.0 = Release|Any CPU
		{4ED9D4FD-E1D3-4B90-B01A-C73CE7DEA2AF}.Debug|Any CPU.ActiveCfg = Debug|Any CPU
		{4ED9D4FD-E1D3-4B90-B01A-C73CE7DEA2AF}.Debug|Any CPU.Build.0 = Debug|Any CPU
		{4ED9D4FD-E1D3-4B90-B01A-C73CE7DEA2AF}.Release|Any CPU.ActiveCfg = Release|Any CPU
		{4ED9D4FD-E1D3-4B90-B01A-C73CE7DEA2AF}.Release|Any CPU.Build.0 = Release|Any CPU
		{F9B2A471-640A-4EC1-8068-E811A62F54FB}.Debug|Any CPU.ActiveCfg = Debug|Any CPU
		{F9B2A471-640A-4EC1-8068-E811A62F54FB}.Debug|Any CPU.Build.0 = Debug|Any CPU
		{F9B2A471-640A-4EC1-8068-E811A62F54FB}.Release|Any CPU.ActiveCfg = Release|Any CPU
		{F9B2A471-640A-4EC1-8068-E811A62F54FB}.Release|Any CPU.Build.0 = Release|Any CPU
		{0E3C1182-BDC8-4A14-887F-175B68FD363E}.Debug|Any CPU.ActiveCfg = Debug|Any CPU
		{0E3C1182-BDC8-4A14-887F-175B68FD363E}.Debug|Any CPU.Build.0 = Debug|Any CPU
		{0E3C1182-BDC8-4A14-887F-175B68FD363E}.Release|Any CPU.ActiveCfg = Release|Any CPU
		{0E3C1182-BDC8-4A14-887F-175B68FD363E}.Release|Any CPU.Build.0 = Release|Any CPU
		{58D52662-6928-4978-9F3D-967444E505A3}.Debug|Any CPU.ActiveCfg = Debug|Any CPU
		{58D52662-6928-4978-9F3D-967444E505A3}.Debug|Any CPU.Build.0 = Debug|Any CPU
		{58D52662-6928-4978-9F3D-967444E505A3}.Release|Any CPU.ActiveCfg = Release|Any CPU
		{58D52662-6928-4978-9F3D-967444E505A3}.Release|Any CPU.Build.0 = Release|Any CPU
		{414D90B3-F940-45A9-B0F7-185B212D0999}.Debug|Any CPU.ActiveCfg = Debug|Any CPU
		{414D90B3-F940-45A9-B0F7-185B212D0999}.Debug|Any CPU.Build.0 = Debug|Any CPU
		{414D90B3-F940-45A9-B0F7-185B212D0999}.Release|Any CPU.ActiveCfg = Release|Any CPU
		{414D90B3-F940-45A9-B0F7-185B212D0999}.Release|Any CPU.Build.0 = Release|Any CPU
		{098346BB-BF44-4727-8A16-A152C3953AB6}.Debug|Any CPU.ActiveCfg = Debug|Any CPU
		{098346BB-BF44-4727-8A16-A152C3953AB6}.Debug|Any CPU.Build.0 = Debug|Any CPU
		{098346BB-BF44-4727-8A16-A152C3953AB6}.Release|Any CPU.ActiveCfg = Release|Any CPU
		{098346BB-BF44-4727-8A16-A152C3953AB6}.Release|Any CPU.Build.0 = Release|Any CPU
		{A028AED2-8EC6-4C0C-B4C7-59FF438308CD}.Debug|Any CPU.ActiveCfg = Debug|Any CPU
		{A028AED2-8EC6-4C0C-B4C7-59FF438308CD}.Debug|Any CPU.Build.0 = Debug|Any CPU
		{A028AED2-8EC6-4C0C-B4C7-59FF438308CD}.Release|Any CPU.ActiveCfg = Release|Any CPU
		{A028AED2-8EC6-4C0C-B4C7-59FF438308CD}.Release|Any CPU.Build.0 = Release|Any CPU
		{71BB3D33-F6CE-46FD-B36A-7D323F4934C2}.Debug|Any CPU.ActiveCfg = Debug|Any CPU
		{71BB3D33-F6CE-46FD-B36A-7D323F4934C2}.Debug|Any CPU.Build.0 = Debug|Any CPU
		{71BB3D33-F6CE-46FD-B36A-7D323F4934C2}.Release|Any CPU.ActiveCfg = Release|Any CPU
		{71BB3D33-F6CE-46FD-B36A-7D323F4934C2}.Release|Any CPU.Build.0 = Release|Any CPU
		{2B4FE5A8-EF33-4B63-9F29-0721E192D0FF}.Debug|Any CPU.ActiveCfg = Debug|Any CPU
		{2B4FE5A8-EF33-4B63-9F29-0721E192D0FF}.Debug|Any CPU.Build.0 = Debug|Any CPU
		{2B4FE5A8-EF33-4B63-9F29-0721E192D0FF}.Release|Any CPU.ActiveCfg = Release|Any CPU
		{2B4FE5A8-EF33-4B63-9F29-0721E192D0FF}.Release|Any CPU.Build.0 = Release|Any CPU
		{5FDB14F3-893E-4DAD-AFE6-B6B181FEA099}.Debug|Any CPU.ActiveCfg = Debug|Any CPU
		{5FDB14F3-893E-4DAD-AFE6-B6B181FEA099}.Debug|Any CPU.Build.0 = Debug|Any CPU
		{5FDB14F3-893E-4DAD-AFE6-B6B181FEA099}.Release|Any CPU.ActiveCfg = Release|Any CPU
		{5FDB14F3-893E-4DAD-AFE6-B6B181FEA099}.Release|Any CPU.Build.0 = Release|Any CPU
		{BDFDD453-E6A3-4056-A484-897726053ACA}.Debug|Any CPU.ActiveCfg = Debug|Any CPU
		{BDFDD453-E6A3-4056-A484-897726053ACA}.Debug|Any CPU.Build.0 = Debug|Any CPU
		{BDFDD453-E6A3-4056-A484-897726053ACA}.Release|Any CPU.ActiveCfg = Release|Any CPU
		{BDFDD453-E6A3-4056-A484-897726053ACA}.Release|Any CPU.Build.0 = Release|Any CPU
		{454CB84A-2271-4F27-B163-2CA5B3517F7D}.Debug|Any CPU.ActiveCfg = Debug|Any CPU
		{454CB84A-2271-4F27-B163-2CA5B3517F7D}.Debug|Any CPU.Build.0 = Debug|Any CPU
		{454CB84A-2271-4F27-B163-2CA5B3517F7D}.Release|Any CPU.ActiveCfg = Release|Any CPU
		{454CB84A-2271-4F27-B163-2CA5B3517F7D}.Release|Any CPU.Build.0 = Release|Any CPU
		{EAD4A294-7F71-49F3-AAA0-5BB1CE638001}.Debug|Any CPU.ActiveCfg = Debug|Any CPU
		{EAD4A294-7F71-49F3-AAA0-5BB1CE638001}.Debug|Any CPU.Build.0 = Debug|Any CPU
		{EAD4A294-7F71-49F3-AAA0-5BB1CE638001}.Release|Any CPU.ActiveCfg = Release|Any CPU
		{EAD4A294-7F71-49F3-AAA0-5BB1CE638001}.Release|Any CPU.Build.0 = Release|Any CPU
		{0A7EE167-1B80-4673-8510-8716A8B78AD9}.Debug|Any CPU.ActiveCfg = Debug|Any CPU
		{0A7EE167-1B80-4673-8510-8716A8B78AD9}.Debug|Any CPU.Build.0 = Debug|Any CPU
		{0A7EE167-1B80-4673-8510-8716A8B78AD9}.Release|Any CPU.ActiveCfg = Release|Any CPU
		{0A7EE167-1B80-4673-8510-8716A8B78AD9}.Release|Any CPU.Build.0 = Release|Any CPU
		{30D6C5DB-92D5-4D5A-979E-80F198ED0D44}.Debug|Any CPU.ActiveCfg = Debug|Any CPU
		{30D6C5DB-92D5-4D5A-979E-80F198ED0D44}.Debug|Any CPU.Build.0 = Debug|Any CPU
		{30D6C5DB-92D5-4D5A-979E-80F198ED0D44}.Release|Any CPU.ActiveCfg = Release|Any CPU
		{30D6C5DB-92D5-4D5A-979E-80F198ED0D44}.Release|Any CPU.Build.0 = Release|Any CPU
		{DC5A75DD-AE7B-4545-B640-CF422BCF000A}.Debug|Any CPU.ActiveCfg = Debug|Any CPU
		{DC5A75DD-AE7B-4545-B640-CF422BCF000A}.Debug|Any CPU.Build.0 = Debug|Any CPU
		{DC5A75DD-AE7B-4545-B640-CF422BCF000A}.Release|Any CPU.ActiveCfg = Release|Any CPU
		{DC5A75DD-AE7B-4545-B640-CF422BCF000A}.Release|Any CPU.Build.0 = Release|Any CPU
		{52E8BFD3-9F2A-4375-9F51-48BD1C88F274}.Debug|Any CPU.ActiveCfg = Debug|Any CPU
		{52E8BFD3-9F2A-4375-9F51-48BD1C88F274}.Debug|Any CPU.Build.0 = Debug|Any CPU
		{52E8BFD3-9F2A-4375-9F51-48BD1C88F274}.Release|Any CPU.ActiveCfg = Release|Any CPU
		{52E8BFD3-9F2A-4375-9F51-48BD1C88F274}.Release|Any CPU.Build.0 = Release|Any CPU
		{7BF11797-832F-4D9E-A92B-EA97C5A5EF1D}.Debug|Any CPU.ActiveCfg = Debug|Any CPU
		{7BF11797-832F-4D9E-A92B-EA97C5A5EF1D}.Debug|Any CPU.Build.0 = Debug|Any CPU
		{7BF11797-832F-4D9E-A92B-EA97C5A5EF1D}.Release|Any CPU.ActiveCfg = Release|Any CPU
		{7BF11797-832F-4D9E-A92B-EA97C5A5EF1D}.Release|Any CPU.Build.0 = Release|Any CPU
		{613A6324-C192-49C2-B39C-9475EF14F551}.Debug|Any CPU.ActiveCfg = Debug|Any CPU
		{613A6324-C192-49C2-B39C-9475EF14F551}.Debug|Any CPU.Build.0 = Debug|Any CPU
		{613A6324-C192-49C2-B39C-9475EF14F551}.Release|Any CPU.ActiveCfg = Release|Any CPU
		{613A6324-C192-49C2-B39C-9475EF14F551}.Release|Any CPU.Build.0 = Release|Any CPU
		{E83ED595-D857-48ED-862A-F6D1427FD459}.Debug|Any CPU.ActiveCfg = Debug|Any CPU
		{E83ED595-D857-48ED-862A-F6D1427FD459}.Debug|Any CPU.Build.0 = Debug|Any CPU
		{E83ED595-D857-48ED-862A-F6D1427FD459}.Release|Any CPU.ActiveCfg = Release|Any CPU
		{E83ED595-D857-48ED-862A-F6D1427FD459}.Release|Any CPU.Build.0 = Release|Any CPU
	EndGlobalSection
	GlobalSection(SolutionProperties) = preSolution
		HideSolutionNode = FALSE
	EndGlobalSection
	GlobalSection(ExtensibilityGlobals) = postSolution
		SolutionGuid = {EC4CAF97-A0CE-4999-8062-EC511A41764F}
	EndGlobalSection
EndGlobal
